# Only what the hardware and the code genuinely require. Everything else is resolved by pip
# on Kaggle's own image and then FROZEN by the wheelhouse build into requirements.frozen.txt,
# which is what production kernels install from. A hand-written lock of 30 interlocking pins
# produced ResolutionImpossible; a lock should be the OUTPUT of a resolve, not a wish list.
--extra-index-url https://download.pytorch.org/whl/cu126
torch==2.7.1+cu126
torchvision==0.22.1+cu126
torchaudio==2.7.1+cu126
diffusers==0.39.0
transformers
accelerate
safetensors
sentencepiece
protobuf
ftfy
imageio
imageio-ffmpeg
pillow
numpy
scipy
demucs
faster-whisper
pyloudnorm
mutagen
toml
loguru
einops
numba
soundfile
ffmpeg-python
python-dotenv
diskcache
py3langid
vector-quantize-pytorch
hf_transfer
